
Microsoft Visual Studio Solution File, Format Version 12.00
# Visual Studio Version 17
VisualStudioVersion = 17.4.33403.182
MinimumVisualStudioVersion = 10.0.40219.1
Project("{9A19103F-16F7-4668-BE54-9A1E7A4F7556}") = "Calculator", "Wpf_Kurs\Calculator.csproj", "{D987A24D-0DAA-46E6-BAEB-6C2370E967A1}"
EndProject
Project("{9A19103F-16F7-4668-BE54-9A1E7A4F7556}") = "EvernoteClone", "EvernoteClone\EvernoteClone.csproj", "{5F3E1F32-DD9E-402C-A990-218C45915786}"
EndProject
Project("{FAE04EC0-301F-11D3-BF4B-00C04F79EFBC}") = "DesktopContactsApp", "DesktopContactsApp\DesktopContactsApp.csproj", "{8459F2AF-76B6-420C-BC2E-A2EF1891A2F1}"
EndProject
Global
	GlobalSection(SolutionConfigurationPlatforms) = preSolution
		Debug|Any CPU = Debug|Any CPU
		Release|Any CPU = Release|Any CPU
	EndGlobalSection
	GlobalSection(ProjectConfigurationPlatforms) = postSolution
		{D987A24D-0DAA-46E6-BAEB-6C2370E967A1}.Debug|Any CPU.ActiveCfg = Debug|Any CPU
		{D987A24D-0DAA-46E6-BAEB-6C2370E967A1}.Debug|Any CPU.Build.0 = Debug|Any CPU
		{D987A24D-0DAA-46E6-BAEB-6C2370E967A1}.Release|Any CPU.ActiveCfg = Release|Any CPU
		{D987A24D-0DAA-46E6-BAEB-6C2370E967A1}.Release|Any CPU.Build.0 = Release|Any CPU
		{5F3E1F32-DD9E-402C-A990-218C45915786}.Debug|Any CPU.ActiveCfg = Debug|Any CPU
		{5F3E1F32-DD9E-402C-A990-218C45915786}.Debug|Any CPU.Build.0 = Debug|Any CPU
		{5F3E1F32-DD9E-402C-A990-218C45915786}.Release|Any CPU.ActiveCfg = Release|Any CPU
		{5F3E1F32-DD9E-402C-A990-218C45915786}.Release|Any CPU.Build.0 = Release|Any CPU
		{8459F2AF-76B6-420C-BC2E-A2EF1891A2F1}.Debug|Any CPU.ActiveCfg = Debug|Any CPU
		{8459F2AF-76B6-420C-BC2E-A2EF1891A2F1}.Debug|Any CPU.Build.0 = Debug|Any CPU
		{8459F2AF-76B6-420C-BC2E-A2EF1891A2F1}.Release|Any CPU.ActiveCfg = Release|Any CPU
		{8459F2AF-76B6-420C-BC2E-A2EF1891A2F1}.Release|Any CPU.Build.0 = Release|Any CPU
	EndGlobalSection
	GlobalSection(SolutionProperties) = preSolution
		HideSolutionNode = FALSE
	EndGlobalSection
	GlobalSection(ExtensibilityGlobals) = postSolution
		SolutionGuid = {97BB7C5F-9012-4F9C-AA29-9EB030E090FD}
	EndGlobalSection
EndGlobal
